<Solution>
  <Folder Name="/Data/">
    <Project Path="OnlineLibrary.Data.Models/OnlineLibrary.Data.Models.csproj" />
    <Project Path="OnlineLibrary.Data/OnlineLibrary.Data.csproj" />
  </Folder>
  <Folder Name="/Services/">
    <Project Path="OnlineLibrary.Services.Core/OnlineLibrary.Services.Core.csproj" />
    <Project Path="OnlineLibrary.Services.Models/OnlineLibrary.Services.Models.csproj" Id="33e75eeb-38c7-44b2-8fa5-7845b15092eb" />
  </Folder>
  <Folder Name="/Web/">
    <Project Path="OnlineLibrary.Web.ViewModels/OnlineLibrary.Web.ViewModels.csproj" />
    <Project Path="OnlineLibrary/OnlineLibrary.Web.csproj" />
  </Folder>
  <Project Path="OnlineLibrary.GCommon/OnlineLibrary.GCommon.csproj" />
</Solution>
